
Microsoft Visual Studio Solution File, Format Version 12.00
# Visual Studio Version 17
VisualStudioVersion = 17.8.34219.65
MinimumVisualStudioVersion = 10.0.40219.1
Project("{FAE04EC0-301F-11D3-BF4B-00C04F79EFBC}") = "Fibonacci", "Fibonacci\Fibonacci.csproj", "{AD80476E-5C5F-4123-A151-096F070A0175}"
EndProject
Global
	GlobalSection(SolutionConfigurationPlatforms) = preSolution
		Debug|Any CPU = Debug|Any CPU
		Release|Any CPU = Release|Any CPU
	EndGlobalSection
	GlobalSection(ProjectConfigurationPlatforms) = postSolution
		{AD80476E-5C5F-4123-A151-096F070A0175}.Debug|Any CPU.ActiveCfg = Debug|Any CPU
		{AD80476E-5C5F-4123-A151-096F070A0175}.Debug|Any CPU.Build.0 = Debug|Any CPU
		{AD80476E-5C5F-4123-A151-096F070A0175}.Release|Any CPU.ActiveCfg = Release|Any CPU
		{AD80476E-5C5F-4123-A151-096F070A0175}.Release|Any CPU.Build.0 = Release|Any CPU
	EndGlobalSection
	GlobalSection(SolutionProperties) = preSolution
		HideSolutionNode = FALSE
	EndGlobalSection
	GlobalSection(ExtensibilityGlobals) = postSolution
		SolutionGuid = {FB088213-3588-408C-86F1-7CE70DBF9143}
	EndGlobalSection
EndGlobal
